{
    "_meta": {
        "hash": {
            "sha256": "1b5254ba3af2bc72381ac20c035a7af0fdd1ca1f889085800fa802c6441799e9"
        },
        "pipfile-spec": 6,
        "requires": {
            "python_version": "3.12"
        },
        "sources": [
            {
                "name": "pip_conf_index_global",
                "url": "https://pypi.tuna.tsinghua.edu.cn/simple",
                "verify_ssl": false
            }
        ]
    },
    "default": {
        "argparse": {
            "hashes": [
                "sha256:62b089a55be1d8949cd2bc7e0df0bddb9e028faefc8c32038cc84862aefdd6e4",
                "sha256:c31647edb69fd3d465a847ea3157d37bed1f95f19760b11a47aa91c04b666314"
            ],
            "index": "pip_conf_index_global",
            "version": "==1.4.0"
        },
        "joblib": {
            "hashes": [
                "sha256:4719a31f054c7d766948dcd83e9613686b27114f190f717cec7eaa2084f8a74a",
                "sha256:f4f86e351f39fe3d0d32a9f2c3d8af1ee4cec285aafcb27003dda5205576b444"
            ],
            "markers": "python_version >= '3.9'",
            "version": "==1.5.1"
        },
        "numpy": {
            "hashes": [
                "sha256:022fa032a8dcabef0771db621a77a9203358e41cb651d8903836783e9708248f",
                "sha256:06d4fb37a8d383b769281714897420c5cc3545c79dc427df57fc9b852ee0bf58",
                "sha256:07638479fc90c38168a3dd29a54c750701100dd84622bbaa32783459d2df7c54",
                "sha256:0898c67a58cdaaf29994bc0e2c65230fd4de0ac40afaf1584ed0b02cd74c6fdd",
                "sha256:0eba4a1ea88f9a6f30f56fdafdeb8da3774349eacddab9581a21234b8535d3d3",
                "sha256:14e86a57107b03e7b31b4d677ded1af52079f05bde89008b4dfd5a3fd7767769",
                "sha256:167c1b4ad39017d5b0bfae7c5b71ced40025ef26ff8b9fc65e39519533b7c416",
                "sha256:172965a57a44ccfbfc67746c721128647a4df3aecec3d3b91c67e75c575548cc",
                "sha256:17cb57f5c862904d57a1d1eb2d6e3f0e3a0d7ea738d5281638aef7c45b8c4525",
                "sha256:213b2aa630118690e684a2666c58978a45763fbd4034b9b990d827a25df7b6ae",
                "sha256:2393a914db64b0ead0ab80c962e42d09d5f385802006a6c87835acb1f58adb96",
                "sha256:2e6a1409eee0cb0316cb64640a49a49ca44deb1a537e6b1121dc7c458a1299a8",
                "sha256:2f2f8a82005073929532ed8e09eda78544140996ef283d007945323d27e3ef84",
                "sha256:30f11867a70c96e6628f9b5da5cb426efe4ebe5e1f02bc8932c79f4dfa0c1e02",
                "sha256:33a5a12a45bb82d9997e2c0b12adae97507ad7c347546190a18ff14c28bbca12",
                "sha256:389b85335838155a9076e9ad7f8fdba0827496ec2d2dc32ce69ce7898bde03ba",
                "sha256:39b27d8b38942a647f048b675f134dd5a567f95bfff481f9109ec308515c51d8",
                "sha256:3c8681de7c4fc72f5ab29e5a8343b37fe7bdc465e8cc3c99637ac884e26e41fd",
                "sha256:43c55b6a860b0eb44d42341438b03513cf3879cb3617afb749ad49307e164edd",
                "sha256:44f65efc7f4a62e0624f53cd241761b5a9cdaa302e50dd8f30adc1173e2c1691",
                "sha256:46d16f72c2192da7b83984aa5455baee640e33a9f1e61e656f29adf55e406c2b",
                "sha256:477064e29dfac734cb53269f5a4916e38e11ef9d42f6c475e9c695e25f78e868",
                "sha256:48a2e8eaf76364c32a1feaa60d6925eaf32ed7a040183b807e02674305beef61",
                "sha256:4d8d294287fdf685281e671886c6dcdf0291a7c19db3e5cb4178d07ccf6ecc67",
                "sha256:4dc58865623023b63b10d52f18abaac3729346a7a46a778381e0e3af4b7f3beb",
                "sha256:4de6304a0653a76f6418f4c0aa84048953d5891aa8296681d916f95b0a5eddf8",
                "sha256:50080245365d75137a2bf46151e975de63146ae6d79f7e6bd5c0e85c9931d06a",
                "sha256:54dfc8681c1906d239e95ab1508d0a533c4a9505e52ee2d71a5472b04437ef97",
                "sha256:5754ab5595bfa2c2387d241296e0381c21f44a4b90a776c3c1d39eede13a746a",
                "sha256:580ce0f8e9e340571a5b0c32b7f3e1489ea018dbc37b22913788be23e8a50559",
                "sha256:5814a0f43e70c061f47abd5857d120179609ddc32a613138cbb6c4e9e2dbdda5",
                "sha256:581f87f9e9e9db2cba2141400e160e9dd644ee248788d6f90636eeb8fd9260a6",
                "sha256:622a65d40d8eb427d8e722fd410ac3ad4958002f109230bc714fa551044ebae2",
                "sha256:6295f81f093b7f5769d1728a6bd8bf7466de2adfa771ede944ce6711382b89dc",
                "sha256:66bff8b92964eb21593d787e55668d1800d5cfeb0ccf75691cce80c15b155839",
                "sha256:690d0a5b60a47e1f9dcec7b77750a4854c0d690e9058b7bef3106e3ae9117808",
                "sha256:6d72740255bcbaa94a66329daffd974e8212eee4b77acc8c3da8dd179adbe7f3",
                "sha256:7729c8008d55e80784bd113787ce876ca117185c579c0d626f59b87d433ea779",
                "sha256:77fc845f90f74b83881330bd3d15c112bdac5e2947e77adec2be141eb5a71aff",
                "sha256:7cc39c12551a3b92f9db5dd0faff021043f4f432167f990424a3c9149314f3a3",
                "sha256:7f06a256ce74713eae26c19221b305783d4db5f8cad457e82f9a4f8cc55b9632",
                "sha256:80b46117c7359de8167cc00a2c7d823bdd505e8c7727ae0871025a86d668283b",
                "sha256:81ae0bf2564cf475f94be4a27ef7bcf8af0c3e28da46770fc904da9abd5279b5",
                "sha256:82b035e631187bee40c1d2c1593e40dcad62cfbaf833c5d3e179c1d7bce87e0c",
                "sha256:875ee6c2865523adb78ebcfbcef186fc99201e9931a49132d97101f57f154ff1",
                "sha256:87717eb24d4a8a64683b7a4e91ace04e2f5c7c77872f823f02a94feee186168f",
                "sha256:8b51ead2b258284458e570942137155978583e407babc22e3d0ed7af33ce06f8",
                "sha256:8cd953239b23dd0f5363553efb2eab4651c33b3772c7bcfe3bc0e1a84a9149e6",
                "sha256:93909bcf08b4aa21a74a687342843eef5479c317add9700a66b0122cc1c9d604",
                "sha256:9498f60cd6bb8238d8eaf468a3d5bb031d34cd12556af53510f05fcf581c1b7e",
                "sha256:95c190db9870e0dc616da2f267a3fc29544a843601251947eadc0e00a0aa8ad6",
                "sha256:96af406cf156acb52edfa3b38c1fc8efe0f986bff5f99176657ba09606e78fe7",
                "sha256:96d8e7e0666836202e9cff63cb16d9c49bd31222303f3b70dc9144c3ae191cdd",
                "sha256:99224862d1412d2562248d4710126355d3a8db7672170a39d6909ac47687a8a4",
                "sha256:9efc27c9b25d4387e6153d01cc93a8ae18a6a37d6598cb4da3876874a3aa1283",
                "sha256:a0be278be9307c4ab06b788f2a077f05e180aea817b3e41cebbd5aaf7bd85ed3",
                "sha256:a28686275bf434b4304408c2711832033e3906c50282eb93fc567b8483922625",
                "sha256:aaf81c7b82c73bd9b45e79cfb9476cb9c29e937494bfe9092c26aece812818ad",
                "sha256:ab6e2b743192e7e9ecef7d22a90c394a6fe3313676e55fcc1c566ee0649b35db",
                "sha256:aba48d17e87688a765ab1cd557882052f238e2f36545dfa8e29e6a91aef77afe",
                "sha256:b056d511fdb33ee7076586fbb831be0a8030e9565f5ea0ceebe649f29e647ac0",
                "sha256:b0f1f11d0a1da54927436505a5a7670b154eac27f5672afc389661013dfe3d4f",
                "sha256:b59de7a3beeca46f189c53609db7794ccb83a90fa5841111d5ca77bbe990ed21",
                "sha256:b6d9d7ad7666f646bbb831a80c668b61a08d4deb00935ef475a1c81ba0b87bdb",
                "sha256:b7c0007ae7dd02acaaf198cf1a6b4da805aaa3857a452403c3de1fed29ab158c",
                "sha256:b9446d9d8505aadadb686d51d838f2b6688c9e85636a0c3abaeb55ed54756459",
                "sha256:ba17f93a94e503551f154de210e4d50c5e3ee20f7e7a1b5f6ce3f22d419b93bb",
                "sha256:bd8df082b6c4695753ad6193018c05aac465d634834dca47a3ae06d4bb22d9ea",
                "sha256:c0ca78c3c15db1b69b91027c6485291b2ffbdd29dab77bd5d044248569c9ff85",
                "sha256:c24bb4113c66936eeaa0dc1e47c74770453d34f46ee07ae4efd853a2ed1ad10a",
                "sha256:c39ec392b5db5088259c68250e342612db82dc80ce044cf16496cf14cf6bc6f8",
                "sha256:c3c9fdde0fa18afa1099d6257eb82890ea4f3102847e692193b54e00312a9ae9",
                "sha256:c4ac94252a8dec06d6c55126f83775ec90b0d8ceaed9086d7166175455772155",
                "sha256:c54f93b5c0c210e580fd1d114b76b172190bdefcdee3eab865587d4c860067fa",
                "sha256:c8047609194df241d20b5d3534319df0f2ef57c7163a9e67ceb8a7ab3d3c7413",
                "sha256:c8738baa52505fa6e82778580b23f945e3578412554d937093eac9205e845e6e",
                "sha256:c9d04e6f6bf7fe48eb25af803de3e2ee5dbaba7786d17764d7bacc242d47d96e",
                "sha256:cb18f1e661c4480e7d40bac0172ab456aececa05aec5855d987d6a1f51d51206",
                "sha256:d11fa02f77752d8099573d64e5fe33de3229b6632036ec08f7080f46b6649959",
                "sha256:d344ca32ab482bcf8735d8f95091ad081f97120546f3d250240868430ce52555",
                "sha256:d8fa264d56882b59dcb5ea4d6ab6f31d0c58a57b41aec605848b6eb2ef4a43e8",
                "sha256:de2e8223ef8e65963976de817419314d7e791d403a9d6448174e3f490559ba8d",
                "sha256:df470d376f54e052c76517393fa443758fefcdd634645bc9c1f84eafc67087f0",
                "sha256:e017a8a251ff4d18d71f139e28bdc7c31edba7a507f72b1414ed902cbe48c74d",
                "sha256:e43c3cce3b6ae5f94696669ff2a6eafd9a6b9332008bafa4117af70f4b88be6f",
                "sha256:e651756066a0eaf900916497e20e02fe1ae544187cb0fe88de981671ee7f6270",
                "sha256:e6648078bdd974ef5d15cecc31b0c410e2e24178a6e10bf511e0557eed0f2570",
                "sha256:e967c553e48c14feb3387248cf089c4f7f8ec66f6800cb184effa2da5494d9e8",
                "sha256:e9766d1d3b36df82777c7f0a6d248d21e7aceafd40d24b87f9cec6c5916a4908",
                "sha256:ea64b01b0b9ee53fd1c05dad508e1ee05ca888579687a94044cdea8ef47f8efc",
                "sha256:eb0876192b685ed3f96049dbd5aa9a1d871b47c553b3d304692bbbe386fa7441",
                "sha256:eb5a7a5d1c28881b1c9536038d9ea224051464b0a033d8bd87ec75634e8ee2db",
                "sha256:ec2037b6d700b8491a97efcbfa05dec666d8ae7807f374beb9d3320531d42e9b",
                "sha256:ee9d3ee70d62827bc91f3ea5eee33153212c41f639918550ac0475e3588da59f",
                "sha256:ef6c1e88fd6b81ac6d215ed71dc8cd027e54d4bf1d2682d362449097156267a2",
                "sha256:f14e016d9409680959691c109be98c436c6249eaf7f118b424679793607b5944",
                "sha256:f420033a20b4f6a2a11f585f93c843ac40686a7c3fa514060a97d9de93e5e72b",
                "sha256:f437b4af30ab36e7fa9fd7856b0482229259fc98aeb5e53a287eda5253e4f1ec",
                "sha256:f4d15d5ad63ea6760b0ff49cc88a635b02838488ebabb41bc2524f67d9d5b74e",
                "sha256:fcaf7cfbe003ea5d6e2f470fbb67001dae39dbddc76a608b10623592f4711c78",
                "sha256:fccea8370d46dcb20012a1e8e54bc70dc7e2db8bfc3e20b95f8f871bb408744f",
                "sha256:ffbda03577e4f401f4465345ca98c9dc95e3a23df2ec16854f4aa37ae6c1fb56"
            ],
            "markers": "python_version >= '3.11'",
            "version": "==2.3.0"
        },
        "pandas": {
            "hashes": [
                "sha256:034abd6f3db8b9880aaee98f4f5d4dbec7c4829938463ec046517220b2f8574e",
                "sha256:094e271a15b579650ebf4c5155c05dcd2a14fd4fdd72cf4854b2f7ad31ea30be",
                "sha256:14a0cc77b0f089d2d2ffe3007db58f170dae9b9f54e569b299db871a3ab5bf46",
                "sha256:1a881bc1309f3fce34696d07b00f13335c41f5f5a8770a33b09ebe23261cfc67",
                "sha256:1d2b33e68d0ce64e26a4acc2e72d747292084f4e8db4c847c6f5f6cbe56ed6d8",
                "sha256:213cd63c43263dbb522c1f8a7c9d072e25900f6975596f883f4bebd77295d4f3",
                "sha256:23c2b2dc5213810208ca0b80b8666670eb4660bbfd9d45f58592cc4ddcfd62e1",
                "sha256:2c7e2fc25f89a49a11599ec1e76821322439d90820108309bf42130d2f36c983",
                "sha256:2eb4728a18dcd2908c7fccf74a982e241b467d178724545a48d0caf534b38ebf",
                "sha256:34600ab34ebf1131a7613a260a61dbe8b62c188ec0ea4c296da7c9a06b004133",
                "sha256:39ff73ec07be5e90330cc6ff5705c651ace83374189dcdcb46e6ff54b4a72cd6",
                "sha256:404d681c698e3c8a40a61d0cd9412cc7364ab9a9cc6e144ae2992e11a2e77a20",
                "sha256:40cecc4ea5abd2921682b57532baea5588cc5f80f0231c624056b146887274d2",
                "sha256:430a63bae10b5086995db1b02694996336e5a8ac9a96b4200572b413dfdfccb9",
                "sha256:4930255e28ff5545e2ca404637bcc56f031893142773b3468dc021c6c32a1390",
                "sha256:6021910b086b3ca756755e86ddc64e0ddafd5e58e076c72cb1585162e5ad259b",
                "sha256:625466edd01d43b75b1883a64d859168e4556261a5035b32f9d743b67ef44634",
                "sha256:75651c14fde635e680496148a8526b328e09fe0572d9ae9b638648c46a544ba3",
                "sha256:84141f722d45d0c2a89544dd29d35b3abfc13d2250ed7e68394eda7564bd6324",
                "sha256:8adff9f138fc614347ff33812046787f7d43b3cef7c0f0171b3340cae333f6ca",
                "sha256:951805d146922aed8357e4cc5671b8b0b9be1027f0619cea132a9f3f65f2f09c",
                "sha256:9efc0acbbffb5236fbdf0409c04edce96bec4bdaa649d49985427bd1ec73e085",
                "sha256:9ff730713d4c4f2f1c860e36c005c7cefc1c7c80c21c0688fd605aa43c9fcf09",
                "sha256:a6872d695c896f00df46b71648eea332279ef4077a409e2fe94220208b6bb675",
                "sha256:b198687ca9c8529662213538a9bb1e60fa0bf0f6af89292eb68fea28743fcd5a",
                "sha256:b9d8c3187be7479ea5c3d30c32a5d73d62a621166675063b2edd21bc47614027",
                "sha256:ba24af48643b12ffe49b27065d3babd52702d95ab70f50e1b34f71ca703e2c0d",
                "sha256:bb32dc743b52467d488e7a7c8039b821da2826a9ba4f85b89ea95274f863280f",
                "sha256:bb3be958022198531eb7ec2008cfc78c5b1eed51af8600c6c5d9160d89d8d249",
                "sha256:bf5be867a0541a9fb47a4be0c5790a4bccd5b77b92f0a59eeec9375fafc2aa14",
                "sha256:c06f6f144ad0a1bf84699aeea7eff6068ca5c63ceb404798198af7eb86082e33",
                "sha256:c6da97aeb6a6d233fb6b17986234cc723b396b50a3c6804776351994f2a658fd",
                "sha256:e0f51973ba93a9f97185049326d75b942b9aeb472bec616a129806facb129ebb",
                "sha256:e1991bbb96f4050b09b5f811253c4f3cf05ee89a589379aa36cd623f21a31d6f",
                "sha256:e5f08eb9a445d07720776df6e641975665c9ea12c9d8a331e0f6890f2dcd76ef",
                "sha256:e78ad363ddb873a631e92a3c063ade1ecfb34cae71e9a2be6ad100f875ac1042",
                "sha256:ed16339bc354a73e0a609df36d256672c7d296f3f767ac07257801aa064ff73c",
                "sha256:f4dd97c19bd06bc557ad787a15b6489d2614ddaab5d104a0310eb314c724b2d2",
                "sha256:f925f1ef673b4bd0271b1809b72b3270384f2b7d9d14a189b12b7fc02574d575",
                "sha256:f95a2aef32614ed86216d3c450ab12a4e82084e8102e355707a1d96e33d51c34",
                "sha256:fa07e138b3f6c04addfeaf56cc7fdb96c3b68a3fe5e5401251f231fce40a0d7a",
                "sha256:fa35c266c8cd1a67d75971a1912b185b492d257092bdd2709bbdebe574ed228d"
            ],
            "index": "pip_conf_index_global",
            "markers": "python_version >= '3.9'",
            "version": "==2.3.0"
        },
        "pyarrow": {
            "hashes": [
                "sha256:00138f79ee1b5aca81e2bdedb91e3739b987245e11fa3c826f9e57c5d102fb75",
                "sha256:11529a2283cb1f6271d7c23e4a8f9f8b7fd173f7360776b668e509d712a02eec",
                "sha256:15aa1b3b2587e74328a730457068dc6c89e6dcbf438d4369f572af9d320a25ee",
                "sha256:1bcbe471ef3349be7714261dea28fe280db574f9d0f77eeccc195a2d161fd861",
                "sha256:204a846dca751428991346976b914d6d2a82ae5b8316a6ed99789ebf976551e6",
                "sha256:211d5e84cecc640c7a3ab900f930aaff5cd2702177e0d562d426fb7c4f737781",
                "sha256:24ca380585444cb2a31324c546a9a56abbe87e26069189e14bdba19c86c049f0",
                "sha256:2c3a01f313ffe27ac4126f4c2e5ea0f36a5fc6ab51f8726cf41fee4b256680bd",
                "sha256:30b3051b7975801c1e1d387e17c588d8ab05ced9b1e14eec57915f79869b5031",
                "sha256:3346babb516f4b6fd790da99b98bed9708e3f02e734c84971faccb20736848dc",
                "sha256:3e1f8a47f4b4ae4c69c4d702cfbdfe4d41e18e5c7ef6f1bb1c50918c1e81c57b",
                "sha256:4250e28a22302ce8692d3a0e8ec9d9dde54ec00d237cff4dfa9c1fbf79e472a8",
                "sha256:4680f01ecd86e0dd63e39eb5cd59ef9ff24a9d166db328679e36c108dc993d4c",
                "sha256:4a8b029a07956b8d7bd742ffca25374dd3f634b35e46cc7a7c3fa4c75b297191",
                "sha256:4ba3cf4182828be7a896cbd232aa8dd6a31bd1f9e32776cc3796c012855e1199",
                "sha256:5605919fbe67a7948c1f03b9f3727d82846c053cd2ce9303ace791855923fd20",
                "sha256:5f0fb1041267e9968c6d0d2ce3ff92e3928b243e2b6d11eeb84d9ac547308232",
                "sha256:6102b4864d77102dbbb72965618e204e550135a940c2534711d5ffa787df2a5a",
                "sha256:6415a0d0174487456ddc9beaead703d0ded5966129fa4fd3114d76b5d1c5ceae",
                "sha256:6bb830757103a6cb300a04610e08d9636f0cd223d32f388418ea893a3e655f1c",
                "sha256:6fc1499ed3b4b57ee4e090e1cea6eb3584793fe3d1b4297bbf53f09b434991a5",
                "sha256:75a51a5b0eef32727a247707d4755322cb970be7e935172b6a3a9f9ae98404ba",
                "sha256:7a3a5dcf54286e6141d5114522cf31dd67a9e7c9133d150799f30ee302a7a1ab",
                "sha256:7f4c8534e2ff059765647aa69b75d6543f9fef59e2cd4c6d18015192565d2b70",
                "sha256:82f1ee5133bd8f49d31be1299dc07f585136679666b502540db854968576faf9",
                "sha256:851c6a8260ad387caf82d2bbf54759130534723e37083111d4ed481cb253cc0d",
                "sha256:89e030dc58fc760e4010148e6ff164d2f44441490280ef1e97a542375e41058e",
                "sha256:95b330059ddfdc591a3225f2d272123be26c8fa76e8c9ee1a77aad507361cfdb",
                "sha256:96d6a0a37d9c98be08f5ed6a10831d88d52cac7b13f5287f1e0f625a0de8062b",
                "sha256:96e37f0766ecb4514a899d9a3554fadda770fb57ddf42b63d80f14bc20aa7db3",
                "sha256:97c8dc984ed09cb07d618d57d8d4b67a5100a30c3818c2fb0b04599f0da2de7b",
                "sha256:991f85b48a8a5e839b2128590ce07611fae48a904cae6cab1f089c5955b57eb5",
                "sha256:9965a050048ab02409fb7cbbefeedba04d3d67f2cc899eff505cc084345959ca",
                "sha256:9b71daf534f4745818f96c214dbc1e6124d7daf059167330b610fc69b6f3d3e3",
                "sha256:a15532e77b94c61efadde86d10957950392999503b3616b2ffcef7621a002893",
                "sha256:a18a14baef7d7ae49247e75641fd8bcbb39f44ed49a9fc4ec2f65d5031aa3b96",
                "sha256:a1f60dc14658efaa927f8214734f6a01a806d7690be4b3232ba526836d216122",
                "sha256:a2791f69ad72addd33510fec7bb14ee06c2a448e06b649e264c094c5b5f7ce28",
                "sha256:a5704f29a74b81673d266e5ec1fe376f060627c2e42c5c7651288ed4b0db29e9",
                "sha256:a6ad3e7758ecf559900261a4df985662df54fb7fdb55e8e3b3aa99b23d526b62",
                "sha256:aa0d288143a8585806e3cc7c39566407aab646fb9ece164609dac1cfff45f6ae",
                "sha256:b6953f0114f8d6f3d905d98e987d0924dabce59c3cda380bdfaa25a6201563b4",
                "sha256:b8ff87cc837601532cc8242d2f7e09b4e02404de1b797aee747dd4ba4bd6313f",
                "sha256:c7dd06fd7d7b410ca5dc839cc9d485d2bc4ae5240851bcd45d85105cc90a47d7",
                "sha256:ca151afa4f9b7bc45bcc791eb9a89e90a9eb2772767d0b1e5389609c7d03db63",
                "sha256:cb497649e505dc36542d0e68eca1a3c94ecbe9799cb67b578b55f2441a247fbc",
                "sha256:d5382de8dc34c943249b01c19110783d0d64b207167c728461add1ecc2db88e4",
                "sha256:db53390eaf8a4dab4dbd6d93c85c5cf002db24902dbff0ca7d988beb5c9dd15b",
                "sha256:dd43f58037443af715f34f1322c782ec463a3c8a94a85fdb2d987ceb5658e061",
                "sha256:e22f80b97a271f0a7d9cd07394a7d348f80d3ac63ed7cc38b6d1b696ab3b2619",
                "sha256:e724a3fd23ae5b9c010e7be857f4405ed5e679db5c93e66204db1a69f733936a",
                "sha256:e8b88758f9303fa5a83d6c90e176714b2fd3852e776fc2d7e42a22dd6c2fb368",
                "sha256:f2d67ac28f57a362f1a2c1e6fa98bfe2f03230f7e15927aecd067433b1e70ce8",
                "sha256:f3b117b922af5e4c6b9a9115825726cac7d8b1421c37c2b5e24fbacc8930612c",
                "sha256:febc4a913592573c8d5805091a6c2b5064c8bd6e002131f01061797d91c783c1"
            ],
            "index": "pip_conf_index_global",
            "markers": "python_version >= '3.9'",
            "version": "==20.0.0"
        },
        "python-dateutil": {
            "hashes": [
                "sha256:37dd54208da7e1cd875388217d5e00ebd4179249f90fb72437e91a35459a0ad3",
                "sha256:a8b2bc7bffae282281c8140a97d3aa9c14da0b136dfe83f850eea9a5f7470427"
            ],
            "markers": "python_version >= '2.7' and python_version not in '3.0, 3.1, 3.2'",
            "version": "==2.9.0.post0"
        },
        "pytz": {
            "hashes": [
                "sha256:360b9e3dbb49a209c21ad61809c7fb453643e048b38924c765813546746e81c3",
                "sha256:5ddf76296dd8c44c26eb8f4b6f35488f3ccbf6fbbd7adee0b7262d43f0ec2f00"
            ],
            "version": "==2025.2"
        },
        "scikit-learn": {
            "hashes": [
                "sha256:014e07a23fe02e65f9392898143c542a50b6001dbe89cb867e19688e468d049b",
                "sha256:02e0063670cb1583e47509a022e84bbad01fd0e8d6fedde5ff8a287071250006",
                "sha256:0521cb460426c56fee7e07f9365b0f45ec8ca7b2d696534ac98bfb85e7ae4775",
                "sha256:0b2f8a0b1e73e9a08b7cc498bb2aeab36cdc1f571f8ab2b35c6e5d1c7115d97d",
                "sha256:126c09740a6f016e815ab985b21e3a0656835414521c81fc1a8da78b679bdb75",
                "sha256:1babf2511e6ffd695da7a983b4e4d6de45dce39577b26b721610711081850906",
                "sha256:2726c8787933add436fb66fb63ad18e8ef342dfb39bbbd19dc1e83e8f828a85a",
                "sha256:2839c8d6fa93f1e1512e5a5f78e1bc451d702d9e9eadc0cf3459d00e15f28699",
                "sha256:317ca9f83acbde2883bd6bb27116a741bfcb371369706b4f9973cf30e9a03b0d",
                "sha256:34cc8d9d010d29fb2b7cbcd5ccc24ffdd80515f65fe9f1e4894ace36b267ce19",
                "sha256:5869a8e69da1dde21c4d3924178eaa4c7229173be7758309470ab361c6d73442",
                "sha256:5abd2acff939d5bd4701283f009b01496832d50ddafa83c90125a4e41c33e314",
                "sha256:5b38fd9d7549dba8a854231bd2503d3ab437b18afee047c099232c5d0f9e522d",
                "sha256:5b7974f1f32bc586c90145df51130e02267e4b7e77cab76165c76cf43faca0d9",
                "sha256:5f22d1d79a45905e1b1f8a0be3fc34438a3983368c4895562f51f6a68c48819d",
                "sha256:63017a5f9a74963d24aac7590287149a8d0f1a0799bbe7173c0d8ba1523293c0",
                "sha256:6a9814b5584570f18dfdaf93adb1977975845e198abb95589ecc2a8a820d6c6c",
                "sha256:718b96d742c04db8c69063c57875fa5b153b930b5518136ddeea64d171a469fb",
                "sha256:77a71612c8e7e9fc32438e4051aa57506ebb1fb73a68fc052fc64c29e88d70ad",
                "sha256:7d7240c7b19edf6ed93403f43b0fcb0fe95b53bc0b17821f8fb88edab97085ef",
                "sha256:80bd3bd4e95381efc47073a720d4cbab485fc483966f1709f1fd559afac57ab8",
                "sha256:847ebb6e35a9697ae9a3ed56d507ada7c29d97f0d29ede9f91c5b71eb973ff63",
                "sha256:85d294cd4b36ca0737bc054e9e8b6318128790bd639b8bc6306c3b3735949a2f",
                "sha256:862151ef92cc099cfa29e4b09c2f6ce9bfda822fad8b9247a6d81e89c422a538",
                "sha256:8ef09b1615e1ad04dc0d0054ad50634514818a8eb3ee3dee99af3bffc0ef5007",
                "sha256:8fa979313b2ffdfa049ed07252dc94038def3ecd49ea2a814db5401c07f1ecfa",
                "sha256:937db56013e0d237a63670b78cd375520cf189361b7a10f7b4a1ec0d3152711f",
                "sha256:9490f22a917b077bf5d576cd517db1e12c02207d8360248e59ab5bfac5aac9b0",
                "sha256:9dbe48d69aa38ecfc5a6cda6c5df5abef0c0ebdb2468e92437e2053f84abb8bc",
                "sha256:9f39f6a811bf3f15177b66c82cbe0d7b1ebad9f190737dcdef77cfca1ea3c19c",
                "sha256:9fe7f51435f49d97bd41d724bb3e11eeb939882af9c29c931a8002c357e8cdd5",
                "sha256:a5d920626580d209e61ab783e1099a8ee9a76f9af7561a406ff874928e40da27",
                "sha256:a8e3929f81c9e9356f0aba5b22b65511782682848b46ae0e999d0d66371c7701",
                "sha256:af1ffb85a68329980204207c354a10898d042d93e0d1a29d174967b405e9a134",
                "sha256:b243008c78dc1bcba08fdd5258610624d7014171029f6a63f09b40ffcefcd0b3",
                "sha256:b4f6ef9d727ecf0b5ea48a7a8b06fc0c55343a9fbdfcdbcacd2aee70267bd959",
                "sha256:be25c8c3b64fcd641af35d7eaba1a3f29b61d13c7984a8d0736f64dca78cdab0",
                "sha256:bf3755f25f145186ad8c403312f74fb90df82a4dfa1af19dc96ef35f57237a94",
                "sha256:bf51a74b16d1c1f569174c9c8df53cb7eed4ff30f2400ca3a6100929066059e9",
                "sha256:c01e869b15aec88e2cdb73d27f15bdbe03bce8e2fb43afbe77c45d399e73a5a3",
                "sha256:c2c7243d34aaede0efca7a5a96d67fddaebb4ad7e14a70991b9abee9dc5c0379",
                "sha256:d0c93294e1e1acbee2d029b1f2a064f26bd928b284938d51d412c22e0c977eb3",
                "sha256:d9ac515837be581489c3146c8f87144bb5b758d6260ecee310a9fc39270a10e1",
                "sha256:dc717fbe3ff4864f8689da1c49301b899ba08046228a320d456a89dde6a5fe49",
                "sha256:e2539bb58886a531b6e86a510c0348afaadd25005604ad35966a85c2ec378800",
                "sha256:e39d95a929b112047c25b775035c8c234c5ca67e681ce60d12413afb501129f7",
                "sha256:e7e7ced20582d3a5516fb6f405fd1d254e1f5ce712bfef2589f51326af6346e8",
                "sha256:ec96c91e575fdc8a0ff1d556b42f1f0c9b67fc805dea1a65ee3194eebcce12e2",
                "sha256:f9c73264bf2f495020d23e95d68d8a253090cea892cbe9160c899dee6cc71db5",
                "sha256:fdfe9a73c309f401477666df18a8aba8adb55dce5e5fa6bd6c1315dc5ec638f1"
            ],
            "index": "pip_conf_index_global",
            "markers": "python_version >= '3.10'",
            "version": "==1.7.0"
        },
        "scipy": {
            "hashes": [
                "sha256:05dc6abcd105e1a29f95eada46d4a3f251743cfd7d3ae8ddb4088047f24ea477",
                "sha256:06efcba926324df1696931a57a176c80848ccd67ce6ad020c810736bfd58eb1c",
                "sha256:0a769105537aa07a69468a0eefcd121be52006db61cdd8cac8a0e68980bbb723",
                "sha256:0bdd905264c0c9cfa74a4772cdb2070171790381a5c4d312c973382fc6eaf730",
                "sha256:0ff17c0bb1cb32952c09217d8d1eed9b53d1463e5f1dd6052c7857f83127d539",
                "sha256:14ed70039d182f411ffc74789a16df3835e05dc469b898233a245cdfd7f162cb",
                "sha256:185cd3d6d05ca4b44a8f1595af87f9c372bb6acf9c808e99aa3e9aa03bd98cf6",
                "sha256:18aaacb735ab38b38db42cb01f6b92a2d0d4b6aabefeb07f02849e47f8fb3594",
                "sha256:1c832e1bd78dea67d5c16f786681b28dd695a8cb1fb90af2e27580d3d0967e92",
                "sha256:263961f658ce2165bbd7b99fa5135195c3a12d9bef045345016b8b50c315cb82",
                "sha256:271e3713e645149ea5ea3e97b57fdab61ce61333f97cfae392c28ba786f9bb49",
                "sha256:2c620736bcc334782e24d173c0fdbb7590a0a436d2fdf39310a8902505008759",
                "sha256:34716e281f181a02341ddeaad584205bd2fd3c242063bd3423d61ac259ca7eba",
                "sha256:39cb9c62e471b1bb3750066ecc3a3f3052b37751c7c3dfd0fd7e48900ed52982",
                "sha256:3ac07623267feb3ae308487c260ac684b32ea35fd81e12845039952f558047b8",
                "sha256:3b0334816afb8b91dab859281b1b9786934392aa3d527cd847e41bb6f45bee65",
                "sha256:40e54d5c7e7ebf1aa596c374c49fa3135f04648a0caabcb66c52884b943f02b4",
                "sha256:50f9e62461c95d933d5c5ef4a1f2ebf9a2b4e83b0db374cb3f1de104d935922e",
                "sha256:52092bc0472cfd17df49ff17e70624345efece4e1a12b23783a1ac59a1b728ed",
                "sha256:5380741e53df2c566f4d234b100a484b420af85deb39ea35a1cc1be84ff53a5c",
                "sha256:5e721fed53187e71d0ccf382b6bf977644c533e506c4d33c3fb24de89f5c3ed5",
                "sha256:6487aa99c2a3d509a5227d9a5e889ff05830a06b2ce08ec30df6d79db5fcd5c5",
                "sha256:6ac6310fdbfb7aa6612408bd2f07295bcbd3fda00d2d702178434751fe48e019",
                "sha256:6cfd56fc1a8e53f6e89ba3a7a7251f7396412d655bca2aa5611c8ec9a6784a1e",
                "sha256:6db907c7368e3092e24919b5e31c76998b0ce1684d51a90943cb0ed1b4ffd6c1",
                "sha256:721d6b4ef5dc82ca8968c25b111e307083d7ca9091bc38163fb89243e85e3889",
                "sha256:76ad1fb5f8752eabf0fa02e4cc0336b4e8f021e2d5f061ed37d6d264db35e3ca",
                "sha256:79167bba085c31f38603e11a267d862957cbb3ce018d8b38f79ac043bc92d825",
                "sha256:795c46999bae845966368a3c013e0e00947932d68e235702b5c3f6ea799aa8c9",
                "sha256:7e11270a000969409d37ed399585ee530b9ef6aa99d50c019de4cb01e8e54e62",
                "sha256:8c9ed3ba2c8a2ce098163a9bdb26f891746d02136995df25227a20e71c396ebb",
                "sha256:993439ce220d25e3696d1b23b233dd010169b62f6456488567e830654ee37a6b",
                "sha256:9d61e97b186a57350f6d6fd72640f9e99d5a4a2b8fbf4b9ee9a841eab327dc13",
                "sha256:9db984639887e3dffb3928d118145ffe40eff2fa40cb241a306ec57c219ebbbb",
                "sha256:9e2abc762b0811e09a0d3258abee2d98e0c703eee49464ce0069590846f31d40",
                "sha256:a345928c86d535060c9c2b25e71e87c39ab2f22fc96e9636bd74d1dbf9de448c",
                "sha256:ad3432cb0f9ed87477a8d97f03b763fd1d57709f1bbde3c9369b1dff5503b253",
                "sha256:ae48a786a28412d744c62fd7816a4118ef97e5be0bee968ce8f0a2fba7acf3bb",
                "sha256:aef683a9ae6eb00728a542b796f52a5477b78252edede72b8327a886ab63293f",
                "sha256:b90ab29d0c37ec9bf55424c064312930ca5f4bde15ee8619ee44e69319aab163",
                "sha256:c05045d8b9bfd807ee1b9f38761993297b10b245f012b11b13b91ba8945f7e45",
                "sha256:c9deabd6d547aee2c9a81dee6cc96c6d7e9a9b1953f74850c179f91fdc729cb7",
                "sha256:dde4fc32993071ac0c7dd2d82569e544f0bdaff66269cb475e0f369adad13f11",
                "sha256:eae3cf522bc7df64b42cad3925c876e1b0b6c35c1337c93e12c0f366f55b0eaf",
                "sha256:ed7284b21a7a0c8f1b6e5977ac05396c0d008b89e05498c8b7e8f4a1423bba0e",
                "sha256:f77f853d584e72e874d87357ad70f44b437331507d1c311457bed8ed2b956126"
            ],
            "markers": "python_version >= '3.10'",
            "version": "==1.15.3"
        },
        "six": {
            "hashes": [
                "sha256:4721f391ed90541fddacab5acf947aa0d3dc7d27b2e1e8eda2be8970586c3274",
                "sha256:ff70335d468e7eb6ec65b95b99d3a2836546063f63acc5171de367e834932a81"
            ],
            "markers": "python_version >= '2.7' and python_version not in '3.0, 3.1, 3.2'",
            "version": "==1.17.0"
        },
        "threadpoolctl": {
            "hashes": [
                "sha256:43a0b8fd5a2928500110039e43a5eed8480b918967083ea48dc3ab9f13c4a7fb",
                "sha256:8ab8b4aa3491d812b623328249fab5302a68d2d71745c8a4c719a2fcaba9f44e"
            ],
            "markers": "python_version >= '3.9'",
            "version": "==3.6.0"
        },
        "tzdata": {
            "hashes": [
                "sha256:1a403fada01ff9221ca8044d701868fa132215d84beb92242d9acd2147f667a8",
                "sha256:b60a638fcc0daffadf82fe0f57e53d06bdec2f36c4df66280ae79bce6bd6f2b9"
            ],
            "markers": "python_version >= '2'",
            "version": "==2025.2"
        }
    },
    "develop": {}
}
